// !$*UTF8*$!
{
	archiveVersion = 1;
	classes = {
	};
	objectVersion = 55;
	objects = {

/* Begin PBXBuildFile section */
		AD18265B288982BC009EE05C /* BruteForce.swift in Sources */ = {isa = PBXBuildFile; fileRef = AD18265A288982BC009EE05C /* BruteForce.swift */; };
		AD18265D288982CD009EE05C /* Extension.swift in Sources */ = {isa = PBXBuildFile; fileRef = AD18265C288982CD009EE05C /* Extension.swift */; };
		AD1A4EC42881EB8C0045D2BD /* AppDelegate.swift in Sources */ = {isa = PBXBuildFile; fileRef = AD1A4EC32881EB8C0045D2BD /* AppDelegate.swift */; };
		AD1A4EC62881EB8C0045D2BD /* SceneDelegate.swift in Sources */ = {isa = PBXBuildFile; fileRef = AD1A4EC52881EB8C0045D2BD /* SceneDelegate.swift */; };
		AD1A4EC82881EB8C0045D2BD /* ViewController.swift in Sources */ = {isa = PBXBuildFile; fileRef = AD1A4EC72881EB8C0045D2BD /* ViewController.swift */; };
		AD1A4ECB2881EB8C0045D2BD /* Main.storyboard in Resources */ = {isa = PBXBuildFile; fileRef = AD1A4EC92881EB8C0045D2BD /* Main.storyboard */; };
		AD1A4ECD2881EB8C0045D2BD /* Assets.xcassets in Resources */ = {isa = PBXBuildFile; fileRef = AD1A4ECC2881EB8C0045D2BD /* Assets.xcassets */; };
		AD1A4ED02881EB8C0045D2BD /* LaunchScreen.storyboard in Resources */ = {isa = PBXBuildFile; fileRef = AD1A4ECE2881EB8C0045D2BD /* LaunchScreen.storyboard */; };
/* End PBXBuildFile section */

/* Begin PBXFileReference section */
		AD18265A288982BC009EE05C /* BruteForce.swift */ = {isa = PBXFileReference; lastKnownFileType = sourcecode.swift; path = BruteForce.swift; sourceTree = "<group>"; };
		AD18265C288982CD009EE05C /* Extension.swift */ = {isa = PBXFileReference; lastKnownFileType = sourcecode.swift; path = Extension.swift; sourceTree = "<group>"; };
		AD1A4EC02881EB8C0045D2BD /* HW21.app */ = {isa = PBXFileReference; explicitFileType = wrapper.application; includeInIndex = 0; path = HW21.app; sourceTree = BUILT_PRODUCTS_DIR; };
		AD1A4EC32881EB8C0045D2BD /* AppDelegate.swift */ = {isa = PBXFileReference; lastKnownFileType = sourcecode.swift; path = AppDelegate.swift; sourceTree = "<group>"; };
		AD1A4EC52881EB8C0045D2BD /* SceneDelegate.swift */ = {isa = PBXFileReference; lastKnownFileType = sourcecode.swift; path = SceneDelegate.swift; sourceTree = "<group>"; };
		AD1A4EC72881EB8C0045D2BD /* ViewController.swift */ = {isa = PBXFileReference; lastKnownFileType = sourcecode.swift; path = ViewController.swift; sourceTree = "<group>"; };
		AD1A4ECA2881EB8C0045D2BD /* Base */ = {isa = PBXFileReference; lastKnownFileType = file.storyboard; name = Base; path = Base.lproj/Main.storyboard; sourceTree = "<group>"; };
		AD1A4ECC2881EB8C0045D2BD /* Assets.xcassets */ = {isa = PBXFileReference; lastKnownFileType = folder.assetcatalog; path = Assets.xcassets; sourceTree = "<group>"; };
		AD1A4ECF2881EB8C0045D2BD /* Base */ = {isa = PBXFileReference; lastKnownFileType = file.storyboard; name = Base; path = Base.lproj/LaunchScreen.storyboard; sourceTree = "<group>"; };
		AD1A4ED12881EB8C0045D2BD /* Info.plist */ = {isa = PBXFileReference; lastKnownFileType = text.plist.xml; path = Info.plist; sourceTree = "<group>"; };
/* End PBXFileReference section */

/* Begin PBXFrameworksBuildPhase section */
		AD1A4EBD2881EB8C0045D2BD /* Frameworks */ = {
			isa = PBXFrameworksBuildPhase;
			buildActionMask = 2147483647;
			files = (
			);
			runOnlyForDeploymentPostprocessing = 0;
		};
/* End PBXFrameworksBuildPhase section */

/* Begin PBXGroup section */
		AD182654288980E2009EE05C /* App */ = {
			isa = PBXGroup;
			children = (
				AD1A4EC32881EB8C0045D2BD /* AppDelegate.swift */,
				AD1A4EC52881EB8C0045D2BD /* SceneDelegate.swift */,
			);
			path = App;
			sourceTree = "<group>";
		};
		AD18265528898109009EE05C /* Config */ = {
			isa = PBXGroup;
			children = (
				AD1A4ECC2881EB8C0045D2BD /* Assets.xcassets */,
			);
			name = Config;
			path = ..;
			sourceTree = "<group>";
		};
		AD18265628898118009EE05C /* IB */ = {
			isa = PBXGroup;
			children = (
				AD1A4EC92881EB8C0045D2BD /* Main.storyboard */,
				AD1A4ECE2881EB8C0045D2BD /* LaunchScreen.storyboard */,
			);
			path = IB;
			sourceTree = "<group>";
		};
		AD1826572889812D009EE05C /* BruteForce */ = {
			isa = PBXGroup;
			children = (
				AD1A4EC72881EB8C0045D2BD /* ViewController.swift */,
				AD18265A288982BC009EE05C /* BruteForce.swift */,
				AD18265C288982CD009EE05C /* Extension.swift */,
			);
			path = BruteForce;
			sourceTree = "<group>";
		};
		AD18265828898149009EE05C /* Source */ = {
			isa = PBXGroup;
			children = (
				AD1826572889812D009EE05C /* BruteForce */,
				AD182654288980E2009EE05C /* App */,
			);
			path = Source;
			sourceTree = "<group>";
		};
		AD182659288981E7009EE05C /* Resouces */ = {
			isa = PBXGroup;
			children = (
				AD18265628898118009EE05C /* IB */,
				AD18265528898109009EE05C /* Config */,
			);
			path = Resouces;
			sourceTree = "<group>";
		};
		AD1A4EB72881EB8C0045D2BD = {
			isa = PBXGroup;
			children = (
				AD1A4EC22881EB8C0045D2BD /* HW21 */,
				AD1A4EC12881EB8C0045D2BD /* Products */,
			);
			sourceTree = "<group>";
		};
		AD1A4EC12881EB8C0045D2BD /* Products */ = {
			isa = PBXGroup;
			children = (
				AD1A4EC02881EB8C0045D2BD /* HW21.app */,
			);
			name = Products;
			sourceTree = "<group>";
		};
		AD1A4EC22881EB8C0045D2BD /* HW21 */ = {
			isa = PBXGroup;
			children = (
				AD18265828898149009EE05C /* Source */,
				AD182659288981E7009EE05C /* Resouces */,
				AD1A4ED12881EB8C0045D2BD /* Info.plist */,
			);
			path = HW21;
			sourceTree = "<group>";
		};
/* End PBXGroup section */

/* Begin PBXNativeTarget section */
		AD1A4EBF2881EB8C0045D2BD /* HW21 */ = {
			isa = PBXNativeTarget;
			buildConfigurationList = AD1A4ED42881EB8C0045D2BD /* Build configuration list for PBXNativeTarget "HW21" */;
			buildPhases = (
				AD1A4EBC2881EB8C0045D2BD /* Sources */,
				AD1A4EBD2881EB8C0045D2BD /* Frameworks */,
				AD1A4EBE2881EB8C0045D2BD /* Resources */,
			);
			buildRules = (
			);
			dependencies = (
			);
			name = HW21;
			productName = HW21;
			productReference = AD1A4EC02881EB8C0045D2BD /* HW21.app */;
			productType = "com.apple.product-type.application";
		};
/* End PBXNativeTarget section */

/* Begin PBXProject section */
		AD1A4EB82881EB8C0045D2BD /* Project object */ = {
			isa = PBXProject;
			attributes = {
				BuildIndependentTargetsInParallel = 1;
				LastSwiftUpdateCheck = 1340;
				LastUpgradeCheck = 1340;
				TargetAttributes = {
					AD1A4EBF2881EB8C0045D2BD = {
						CreatedOnToolsVersion = 13.4;
					};
				};
			};
			buildConfigurationList = AD1A4EBB2881EB8C0045D2BD /* Build configuration list for PBXProject "HW21" */;
			compatibilityVersion = "Xcode 13.0";
			developmentRegion = en;
			hasScannedForEncodings = 0;
			knownRegions = (
				en,
				Base,
			);
			mainGroup = AD1A4EB72881EB8C0045D2BD;
			productRefGroup = AD1A4EC12881EB8C0045D2BD /* Products */;
			projectDirPath = "";
			projectRoot = "";
			targets = (
				AD1A4EBF2881EB8C0045D2BD /* HW21 */,
			);
		};
/* End PBXProject section */

/* Begin PBXResourcesBuildPhase section */
		AD1A4EBE2881EB8C0045D2BD /* Resources */ = {
			isa = PBXResourcesBuildPhase;
			buildActionMask = 2147483647;
			files = (
				AD1A4ED02881EB8C0045D2BD /* LaunchScreen.storyboard in Resources */,
				AD1A4ECD2881EB8C0045D2BD /* Assets.xcassets in Resources */,
				AD1A4ECB2881EB8C0045D2BD /* Main.storyboard in Resources */,
			);
			runOnlyForDeploymentPostprocessing = 0;
		};
/* End PBXResourcesBuildPhase section */

/* Begin PBXSourcesBuildPhase section */
		AD1A4EBC2881EB8C0045D2BD /* Sources */ = {
			isa = PBXSourcesBuildPhase;
			buildActionMask = 2147483647;
			files = (
				AD18265D288982CD009EE05C /* Extension.swift in Sources */,
				AD18265B288982BC009EE05C /* BruteForce.swift in Sources */,
				AD1A4EC82881EB8C0045D2BD /* ViewController.swift in Sources */,
				AD1A4EC42881EB8C0045D2BD /* AppDelegate.swift in Sources */,
				AD1A4EC62881EB8C0045D2BD /* SceneDelegate.swift in Sources */,
			);
			runOnlyForDeploymentPostprocessing = 0;
		};
/* End PBXSourcesBuildPhase section */

/* Begin PBXVariantGroup section */
		AD1A4EC92881EB8C0045D2BD /* Main.storyboard */ = {
			isa = PBXVariantGroup;
			children = (
				AD1A4ECA2881EB8C0045D2BD /* Base */,
			);
			name = Main.storyboard;
			sourceTree = "<group>";
		};
		AD1A4ECE2881EB8C0045D2BD /* LaunchScreen.storyboard */ = {
			isa = PBXVariantGroup;
			children = (
				AD1A4ECF2881EB8C0045D2BD /* Base */,
			);
			name = LaunchScreen.storyboard;
			sourceTree = "<group>";
		};
/* End PBXVariantGroup section */

/* Begin XCBuildConfiguration section */
		AD1A4ED22881EB8C0045D2BD /* Debug */ = {
			isa = XCBuildConfiguration;
			buildSettings = {
				ALWAYS_SEARCH_USER_PATHS = NO;
				CLANG_ANALYZER_NONNULL = YES;
				CLANG_ANALYZER_NUMBER_OBJECT_CONVERSION = YES_AGGRESSIVE;
				CLANG_CXX_LANGUAGE_STANDARD = "gnu++17";
				CLANG_ENABLE_MODULES = YES;
				CLANG_ENABLE_OBJC_ARC = YES;
				CLANG_ENABLE_OBJC_WEAK = YES;
				CLANG_WARN_BLOCK_CAPTURE_AUTORELEASING = YES;
				CLANG_WARN_BOOL_CONVERSION = YES;
				CLANG_WARN_COMMA = YES;
				CLANG_WARN_CONSTANT_CONVERSION = YES;
				CLANG_WARN_DEPRECATED_OBJC_IMPLEMENTATIONS = YES;
				CLANG_WARN_DIRECT_OBJC_ISA_USAGE = YES_ERROR;
				CLANG_WARN_DOCUMENTATION_COMMENTS = YES;
				CLANG_WARN_EMPTY_BODY = YES;
				CLANG_WARN_ENUM_CONVERSION = YES;
				CLANG_WARN_INFINITE_RECURSION = YES;
				CLANG_WARN_INT_CONVERSION = YES;
				CLANG_WARN_NON_LITERAL_NULL_CONVERSION = YES;
				CLANG_WARN_OBJC_IMPLICIT_RETAIN_SELF = YES;
				CLANG_WARN_OBJC_LITERAL_CONVERSION = YES;
				CLANG_WARN_OBJC_ROOT_CLASS = YES_ERROR;
				CLANG_WARN_QUOTED_INCLUDE_IN_FRAMEWORK_HEADER = YES;
				CLANG_WARN_RANGE_LOOP_ANALYSIS = YES;
				CLANG_WARN_STRICT_PROTOTYPES = YES;
				CLANG_WARN_SUSPICIOUS_MOVE = YES;
				CLANG_WARN_UNGUARDED_AVAILABILITY = YES_AGGRESSIVE;
				CLANG_WARN_UNREACHABLE_CODE = YES;
				CLANG_WARN__DUPLICATE_METHOD_MATCH = YES;
				COPY_PHASE_STRIP = NO;
				DEBUG_INFORMATION_FORMAT = dwarf;
				ENABLE_STRICT_OBJC_MSGSEND = YES;
				ENABLE_TESTABILITY = YES;
				GCC_C_LANGUAGE_STANDARD = gnu11;
				GCC_DYNAMIC_NO_PIC = NO;
				GCC_NO_COMMON_BLOCKS = YES;
				GCC_OPTIMIZATION_LEVEL = 0;
				GCC_PREPROCESSOR_DEFINITIONS = (
					"DEBUG=1",
					"$(inherited)",
				);
				GCC_WARN_64_TO_32_BIT_CONVERSION = YES;
				GCC_WARN_ABOUT_RETURN_TYPE = YES_ERROR;
				GCC_WARN_UNDECLARED_SELECTOR = YES;
				GCC_WARN_UNINITIALIZED_AUTOS = YES_AGGRESSIVE;
				GCC_WARN_UNUSED_FUNCTION = YES;
				GCC_WARN_UNUSED_VARIABLE = YES;
				IPHONEOS_DEPLOYMENT_TARGET = 15.5;
				MTL_ENABLE_DEBUG_INFO = INCLUDE_SOURCE;
				MTL_FAST_MATH = YES;
				ONLY_ACTIVE_ARCH = YES;
				SDKROOT = iphoneos;
				SWIFT_ACTIVE_COMPILATION_CONDITIONS = DEBUG;
				SWIFT_OPTIMIZATION_LEVEL = "-Onone";
			};
			name = Debug;
		};
		AD1A4ED32881EB8C0045D2BD /* Release */ = {
			isa = XCBuildConfiguration;
			buildSettings = {
				ALWAYS_SEARCH_USER_PATHS = NO;
				CLANG_ANALYZER_NONNULL = YES;
				CLANG_ANALYZER_NUMBER_OBJECT_CONVERSION = YES_AGGRESSIVE;
				CLANG_CXX_LANGUAGE_STANDARD = "gnu++17";
				CLANG_ENABLE_MODULES = YES;
				CLANG_ENABLE_OBJC_ARC = YES;
				CLANG_ENABLE_OBJC_WEAK = YES;
				CLANG_WARN_BLOCK_CAPTURE_AUTORELEASING = YES;
				CLANG_WARN_BOOL_CONVERSION = YES;
				CLANG_WARN_COMMA = YES;
				CLANG_WARN_CONSTANT_CONVERSION = YES;
				CLANG_WARN_DEPRECATED_OBJC_IMPLEMENTATIONS = YES;
				CLANG_WARN_DIRECT_OBJC_ISA_USAGE = YES_ERROR;
				CLANG_WARN_DOCUMENTATION_COMMENTS = YES;
				CLANG_WARN_EMPTY_BODY = YES;
				CLANG_WARN_ENUM_CONVERSION = YES;
				CLANG_WARN_INFINITE_RECURSION = YES;
				CLANG_WARN_INT_CONVERSION = YES;
				CLANG_WARN_NON_LITERAL_NULL_CONVERSION = YES;
				CLANG_WARN_OBJC_IMPLICIT_RETAIN_SELF = YES;
				CLANG_WARN_OBJC_LITERAL_CONVERSION = YES;
				CLANG_WARN_OBJC_ROOT_CLASS = YES_ERROR;
				CLANG_WARN_QUOTED_INCLUDE_IN_FRAMEWORK_HEADER = YES;
				CLANG_WARN_RANGE_LOOP_ANALYSIS = YES;
				CLANG_WARN_STRICT_PROTOTYPES = YES;
				CLANG_WARN_SUSPICIOUS_MOVE = YES;
				CLANG_WARN_UNGUARDED_AVAILABILITY = YES_AGGRESSIVE;
				CLANG_WARN_UNREACHABLE_CODE = YES;
				CLANG_WARN__DUPLICATE_METHOD_MATCH = YES;
				COPY_PHASE_STRIP = NO;
				DEBUG_INFORMATION_FORMAT = "dwarf-with-dsym";
				ENABLE_NS_ASSERTIONS = NO;
				ENABLE_STRICT_OBJC_MSGSEND = YES;
				GCC_C_LANGUAGE_STANDARD = gnu11;
				GCC_NO_COMMON_BLOCKS = YES;
				GCC_WARN_64_TO_32_BIT_CONVERSION = YES;
				GCC_WARN_ABOUT_RETURN_TYPE = YES_ERROR;
				GCC_WARN_UNDECLARED_SELECTOR = YES;
				GCC_WARN_UNINITIALIZED_AUTOS = YES_AGGRESSIVE;
				GCC_WARN_UNUSED_FUNCTION = YES;
				GCC_WARN_UNUSED_VARIABLE = YES;
				IPHONEOS_DEPLOYMENT_TARGET = 15.5;
				MTL_ENABLE_DEBUG_INFO = NO;
				MTL_FAST_MATH = YES;
				SDKROOT = iphoneos;
				SWIFT_COMPILATION_MODE = wholemodule;
				SWIFT_OPTIMIZATION_LEVEL = "-O";
				VALIDATE_PRODUCT = YES;
			};
			name = Release;
		};
		AD1A4ED52881EB8C0045D2BD /* Debug */ = {
			isa = XCBuildConfiguration;
			buildSettings = {
				ASSETCATALOG_COMPILER_APPICON_NAME = AppIcon;
				ASSETCATALOG_COMPILER_GLOBAL_ACCENT_COLOR_NAME = AccentColor;
				CODE_SIGN_STYLE = Automatic;
				CURRENT_PROJECT_VERSION = 1;
				DEVELOPMENT_TEAM = GSYLUH8A73;
				GENERATE_INFOPLIST_FILE = YES;
				INFOPLIST_FILE = HW21/Info.plist;
				INFOPLIST_KEY_UIApplicationSupportsIndirectInputEvents = YES;
				INFOPLIST_KEY_UILaunchStoryboardName = LaunchScreen;
				INFOPLIST_KEY_UIMainStoryboardFile = Main;
				INFOPLIST_KEY_UISupportedInterfaceOrientations_iPad = "UIInterfaceOrientationPortrait UIInterfaceOrientationPortraitUpsideDown UIInterfaceOrientationLandscapeLeft UIInterfaceOrientationLandscapeRight";
				INFOPLIST_KEY_UISupportedInterfaceOrientations_iPhone = "UIInterfaceOrientationPortrait UIInterfaceOrientationLandscapeLeft UIInterfaceOrientationLandscapeRight";
				LD_RUNPATH_SEARCH_PATHS = (
					"$(inherited)",
					"@executable_path/Frameworks",
				);
				MARKETING_VERSION = 1.0;
				PRODUCT_BUNDLE_IDENTIFIER = com.evgenymakulov.HW21;
				PRODUCT_NAME = "$(TARGET_NAME)";
				SWIFT_EMIT_LOC_STRINGS = YES;
				SWIFT_VERSION = 5.0;
				TARGETED_DEVICE_FAMILY = "1,2";
			};
			name = Debug;
		};
		AD1A4ED62881EB8C0045D2BD /* Release */ = {
			isa = XCBuildConfiguration;
			buildSettings = {
				ASSETCATALOG_COMPILER_APPICON_NAME = AppIcon;
				ASSETCATALOG_COMPILER_GLOBAL_ACCENT_COLOR_NAME = AccentColor;
				CODE_SIGN_STYLE = Automatic;
				CURRENT_PROJECT_VERSION = 1;
				DEVELOPMENT_TEAM = GSYLUH8A73;
				GENERATE_INFOPLIST_FILE = YES;
				INFOPLIST_FILE = HW21/Info.plist;
				INFOPLIST_KEY_UIApplicationSupportsIndirectInputEvents = YES;
				INFOPLIST_KEY_UILaunchStoryboardName = LaunchScreen;
				INFOPLIST_KEY_UIMainStoryboardFile = Main;
				INFOPLIST_KEY_UISupportedInterfaceOrientations_iPad = "UIInterfaceOrientationPortrait UIInterfaceOrientationPortraitUpsideDown UIInterfaceOrientationLandscapeLeft UIInterfaceOrientationLandscapeRight";
				INFOPLIST_KEY_UISupportedInterfaceOrientations_iPhone = "UIInterfaceOrientationPortrait UIInterfaceOrientationLandscapeLeft UIInterfaceOrientationLandscapeRight";
				LD_RUNPATH_SEARCH_PATHS = (
					"$(inherited)",
					"@executable_path/Frameworks",
				);
				MARKETING_VERSION = 1.0;
				PRODUCT_BUNDLE_IDENTIFIER = com.evgenymakulov.HW21;
				PRODUCT_NAME = "$(TARGET_NAME)";
				SWIFT_EMIT_LOC_STRINGS = YES;
				SWIFT_VERSION = 5.0;
				TARGETED_DEVICE_FAMILY = "1,2";
			};
			name = Release;
		};
/* End XCBuildConfiguration section */

/* Begin XCConfigurationList section */
		AD1A4EBB2881EB8C0045D2BD /* Build configuration list for PBXProject "HW21" */ = {
			isa = XCConfigurationList;
			buildConfigurations = (
				AD1A4ED22881EB8C0045D2BD /* Debug */,
				AD1A4ED32881EB8C0045D2BD /* Release */,
			);
			defaultConfigurationIsVisible = 0;
			defaultConfigurationName = Release;
		};
		AD1A4ED42881EB8C0045D2BD /* Build configuration list for PBXNativeTarget "HW21" */ = {
			isa = XCConfigurationList;
			buildConfigurations = (
				AD1A4ED52881EB8C0045D2BD /* Debug */,
				AD1A4ED62881EB8C0045D2BD /* Release */,
			);
			defaultConfigurationIsVisible = 0;
			defaultConfigurationName = Release;
		};
/* End XCConfigurationList section */
	};
	rootObject = AD1A4EB82881EB8C0045D2BD /* Project object */;
}
